
Microsoft Visual Studio Solution File, Format Version 12.00
# Visual Studio Version 17
VisualStudioVersion = 17.9.34902.65
MinimumVisualStudioVersion = 10.0.40219.1
Project("{FAE04EC0-301F-11D3-BF4B-00C04F79EFBC}") = "TediousTasks", "TediousTasks\TediousTasks.csproj", "{1832EE15-C0DA-4B9A-A33A-F5B114DEF2B7}"
EndProject
Global
	GlobalSection(SolutionConfigurationPlatforms) = preSolution
		Debug|Any CPU = Debug|Any CPU
		Release|Any CPU = Release|Any CPU
	EndGlobalSection
	GlobalSection(ProjectConfigurationPlatforms) = postSolution
		{1832EE15-C0DA-4B9A-A33A-F5B114DEF2B7}.Debug|Any CPU.ActiveCfg = Debug|Any CPU
		{1832EE15-C0DA-4B9A-A33A-F5B114DEF2B7}.Debug|Any CPU.Build.0 = Debug|Any CPU
		{1832EE15-C0DA-4B9A-A33A-F5B114DEF2B7}.Release|Any CPU.ActiveCfg = Release|Any CPU
		{1832EE15-C0DA-4B9A-A33A-F5B114DEF2B7}.Release|Any CPU.Build.0 = Release|Any CPU
	EndGlobalSection
	GlobalSection(SolutionProperties) = preSolution
		HideSolutionNode = FALSE
	EndGlobalSection
	GlobalSection(ExtensibilityGlobals) = postSolution
		SolutionGuid = {153E3A36-092E-48BD-9162-F44C7B7DA603}
	EndGlobalSection
EndGlobal
